
Microsoft Visual Studio Solution File, Format Version 12.00
# Visual Studio Version 17
VisualStudioVersion = 17.14.36221.1 d17.14
MinimumVisualStudioVersion = 10.0.40219.1
Project("{FAE04EC0-301F-11D3-BF4B-00C04F79EFBC}") = "SharedLibrary", "ClassLibrary1\SharedLibrary.csproj", "{A55D295C-3BCB-48A9-8043-0072A4F34DFA}"
EndProject
Project("{2150E333-8FDC-42A3-9474-1A3956D46DE8}") = "Api.Gateway", "Api.Gateway", "{02EA681E-C7D8-13C7-8484-4AC65E1B71E8}"
EndProject
Project("{2150E333-8FDC-42A3-9474-1A3956D46DE8}") = "Authentication", "Authentication", "{745C1473-B005-4480-AAC8-FB632FDB4D69}"
EndProject
Project("{2150E333-8FDC-42A3-9474-1A3956D46DE8}") = "Product.Catelogue", "Product.Catelogue", "{84B3CB07-2440-4D66-93D6-5FD3AAFF3B1E}"
EndProject
Global
	GlobalSection(SolutionConfigurationPlatforms) = preSolution
		Debug|Any CPU = Debug|Any CPU
		Release|Any CPU = Release|Any CPU
	EndGlobalSection
	GlobalSection(ProjectConfigurationPlatforms) = postSolution
		{A55D295C-3BCB-48A9-8043-0072A4F34DFA}.Debug|Any CPU.ActiveCfg = Debug|Any CPU
		{A55D295C-3BCB-48A9-8043-0072A4F34DFA}.Debug|Any CPU.Build.0 = Debug|Any CPU
		{A55D295C-3BCB-48A9-8043-0072A4F34DFA}.Release|Any CPU.ActiveCfg = Release|Any CPU
		{A55D295C-3BCB-48A9-8043-0072A4F34DFA}.Release|Any CPU.Build.0 = Release|Any CPU
	EndGlobalSection
	GlobalSection(SolutionProperties) = preSolution
		HideSolutionNode = FALSE
	EndGlobalSection
	GlobalSection(ExtensibilityGlobals) = postSolution
		SolutionGuid = {D56F2371-08FB-40B0-99A5-B70D02B8CA9E}
	EndGlobalSection
EndGlobal
